
Microsoft Visual Studio Solution File, Format Version 12.00
# Visual Studio Version 16
VisualStudioVersion = 16.0.30413.136
MinimumVisualStudioVersion = 10.0.40219.1
Project("{FAE04EC0-301F-11D3-BF4B-00C04F79EFBC}") = "assignment2.ToriThompson", "assignment2.ToriThompson\assignment2.ToriThompson.csproj", "{0165B07E-1AE5-45DD-BD98-3C5DC1DD3134}"
EndProject
Global
	GlobalSection(SolutionConfigurationPlatforms) = preSolution
		Debug|Any CPU = Debug|Any CPU
		Release|Any CPU = Release|Any CPU
	EndGlobalSection
	GlobalSection(ProjectConfigurationPlatforms) = postSolution
		{0165B07E-1AE5-45DD-BD98-3C5DC1DD3134}.Debug|Any CPU.ActiveCfg = Debug|Any CPU
		{0165B07E-1AE5-45DD-BD98-3C5DC1DD3134}.Debug|Any CPU.Build.0 = Debug|Any CPU
		{0165B07E-1AE5-45DD-BD98-3C5DC1DD3134}.Release|Any CPU.ActiveCfg = Release|Any CPU
		{0165B07E-1AE5-45DD-BD98-3C5DC1DD3134}.Release|Any CPU.Build.0 = Release|Any CPU
	EndGlobalSection
	GlobalSection(SolutionProperties) = preSolution
		HideSolutionNode = FALSE
	EndGlobalSection
	GlobalSection(ExtensibilityGlobals) = postSolution
		SolutionGuid = {62DA7D1B-1B2B-4E56-BCA3-9C69D8B74BE7}
	EndGlobalSection
EndGlobal
